
Microsoft Visual Studio Solution File, Format Version 12.00
# Visual Studio Version 17
VisualStudioVersion = 17.7.34031.279
MinimumVisualStudioVersion = 10.0.40219.1
Project("{FAE04EC0-301F-11D3-BF4B-00C04F79EFBC}") = "ApartmentDataHandlerApi", "ApartmentDataHandlerApi\ApartmentDataHandlerApi.csproj", "{5963AA89-5E24-4EBA-8E16-AB2D6E91D44C}"
EndProject
Project("{FAE04EC0-301F-11D3-BF4B-00C04F79EFBC}") = "ApartmentDataHandler", "ApartmentDataHandler\ApartmentDataHandler.csproj", "{0773E5AC-250D-4A41-BEF3-C3430BCAEB36}"
EndProject
Project("{FAE04EC0-301F-11D3-BF4B-00C04F79EFBC}") = "ApartmentDataManagement", "ApartmentDataManagement\ApartmentDataManagement.csproj", "{7656426A-66CF-4680-A784-70CD338774EB}"
EndProject
Global
	GlobalSection(SolutionConfigurationPlatforms) = preSolution
		Debug|Any CPU = Debug|Any CPU
		Release|Any CPU = Release|Any CPU
	EndGlobalSection
	GlobalSection(ProjectConfigurationPlatforms) = postSolution
		{5963AA89-5E24-4EBA-8E16-AB2D6E91D44C}.Debug|Any CPU.ActiveCfg = Debug|Any CPU
		{5963AA89-5E24-4EBA-8E16-AB2D6E91D44C}.Debug|Any CPU.Build.0 = Debug|Any CPU
		{5963AA89-5E24-4EBA-8E16-AB2D6E91D44C}.Release|Any CPU.ActiveCfg = Release|Any CPU
		{5963AA89-5E24-4EBA-8E16-AB2D6E91D44C}.Release|Any CPU.Build.0 = Release|Any CPU
		{0773E5AC-250D-4A41-BEF3-C3430BCAEB36}.Debug|Any CPU.ActiveCfg = Debug|Any CPU
		{0773E5AC-250D-4A41-BEF3-C3430BCAEB36}.Debug|Any CPU.Build.0 = Debug|Any CPU
		{0773E5AC-250D-4A41-BEF3-C3430BCAEB36}.Release|Any CPU.ActiveCfg = Release|Any CPU
		{0773E5AC-250D-4A41-BEF3-C3430BCAEB36}.Release|Any CPU.Build.0 = Release|Any CPU
		{7656426A-66CF-4680-A784-70CD338774EB}.Debug|Any CPU.ActiveCfg = Debug|Any CPU
		{7656426A-66CF-4680-A784-70CD338774EB}.Debug|Any CPU.Build.0 = Debug|Any CPU
		{7656426A-66CF-4680-A784-70CD338774EB}.Release|Any CPU.ActiveCfg = Release|Any CPU
		{7656426A-66CF-4680-A784-70CD338774EB}.Release|Any CPU.Build.0 = Release|Any CPU
	EndGlobalSection
	GlobalSection(SolutionProperties) = preSolution
		HideSolutionNode = FALSE
	EndGlobalSection
	GlobalSection(ExtensibilityGlobals) = postSolution
		SolutionGuid = {6421AF10-F965-4EE8-85FC-A2C052D7AD13}
	EndGlobalSection
EndGlobal
